
Microsoft Visual Studio Solution File, Format Version 12.00
# Visual Studio Version 17
VisualStudioVersion = 17.14.36518.9 d17.14
MinimumVisualStudioVersion = 10.0.40219.1
Project("{FAE04EC0-301F-11D3-BF4B-00C04F79EFBC}") = "project file", "project file\project file.csproj", "{23CF1C73-53B4-4ED5-A6F5-13DC738D6B01}"
EndProject
Global
	GlobalSection(SolutionConfigurationPlatforms) = preSolution
		Debug|Any CPU = Debug|Any CPU
		Release|Any CPU = Release|Any CPU
	EndGlobalSection
	GlobalSection(ProjectConfigurationPlatforms) = postSolution
		{23CF1C73-53B4-4ED5-A6F5-13DC738D6B01}.Debug|Any CPU.ActiveCfg = Debug|Any CPU
		{23CF1C73-53B4-4ED5-A6F5-13DC738D6B01}.Debug|Any CPU.Build.0 = Debug|Any CPU
		{23CF1C73-53B4-4ED5-A6F5-13DC738D6B01}.Release|Any CPU.ActiveCfg = Release|Any CPU
		{23CF1C73-53B4-4ED5-A6F5-13DC738D6B01}.Release|Any CPU.Build.0 = Release|Any CPU
	EndGlobalSection
	GlobalSection(SolutionProperties) = preSolution
		HideSolutionNode = FALSE
	EndGlobalSection
	GlobalSection(ExtensibilityGlobals) = postSolution
		SolutionGuid = {F213A129-267D-4E5E-8DC0-04977619A035}
	EndGlobalSection
EndGlobal
